
Microsoft Visual Studio Solution File, Format Version 12.00
# Visual Studio Version 17
VisualStudioVersion = 17.13.35931.197 d17.13
MinimumVisualStudioVersion = 10.0.40219.1
Project("{FAE04EC0-301F-11D3-BF4B-00C04F79EFBC}") = "Sklad2.WEB", "Sklad2.WEB\Sklad2.WEB\Sklad2.WEB.csproj", "{C5399AB6-DAB5-411C-827A-5CF51CC765D3}"
	ProjectSection(ProjectDependencies) = postProject
		{1E2923F7-D1E4-413A-8EE5-2215FD29B185} = {1E2923F7-D1E4-413A-8EE5-2215FD29B185}
		{86453499-5B41-4678-9F6E-6727A7C7880A} = {86453499-5B41-4678-9F6E-6727A7C7880A}
	EndProjectSection
EndProject
Project("{FAE04EC0-301F-11D3-BF4B-00C04F79EFBC}") = "Sklad2.WEB.Client", "Sklad2.WEB\Sklad2.WEB.Client\Sklad2.WEB.Client.csproj", "{B7785265-468A-4117-A024-22C08E45F5E0}"
	ProjectSection(ProjectDependencies) = postProject
		{62D42923-BD31-4913-9E8E-4F83E8A56122} = {62D42923-BD31-4913-9E8E-4F83E8A56122}
		{86453499-5B41-4678-9F6E-6727A7C7880A} = {86453499-5B41-4678-9F6E-6727A7C7880A}
	EndProjectSection
EndProject
Project("{FAE04EC0-301F-11D3-BF4B-00C04F79EFBC}") = "Sklad2.BLL", "Sklad2.BLL\Sklad2.BLL.csproj", "{86453499-5B41-4678-9F6E-6727A7C7880A}"
	ProjectSection(ProjectDependencies) = postProject
		{1E2923F7-D1E4-413A-8EE5-2215FD29B185} = {1E2923F7-D1E4-413A-8EE5-2215FD29B185}
		{62D42923-BD31-4913-9E8E-4F83E8A56122} = {62D42923-BD31-4913-9E8E-4F83E8A56122}
	EndProjectSection
EndProject
Project("{FAE04EC0-301F-11D3-BF4B-00C04F79EFBC}") = "Sklad2.Core", "Sklad2.Core\Sklad2.Core.csproj", "{1E2923F7-D1E4-413A-8EE5-2215FD29B185}"
EndProject
Project("{FAE04EC0-301F-11D3-BF4B-00C04F79EFBC}") = "Sklad2.DAL", "Sklad2.DAL\Sklad2.DAL.csproj", "{62D42923-BD31-4913-9E8E-4F83E8A56122}"
	ProjectSection(ProjectDependencies) = postProject
		{1E2923F7-D1E4-413A-8EE5-2215FD29B185} = {1E2923F7-D1E4-413A-8EE5-2215FD29B185}
	EndProjectSection
EndProject
Project("{FAE04EC0-301F-11D3-BF4B-00C04F79EFBC}") = "ForDbug", "ForDbug\ForDbug.csproj", "{44EB5735-3083-4FBA-A9CD-7B775CCF6B3C}"
	ProjectSection(ProjectDependencies) = postProject
		{1E2923F7-D1E4-413A-8EE5-2215FD29B185} = {1E2923F7-D1E4-413A-8EE5-2215FD29B185}
		{62D42923-BD31-4913-9E8E-4F83E8A56122} = {62D42923-BD31-4913-9E8E-4F83E8A56122}
		{86453499-5B41-4678-9F6E-6727A7C7880A} = {86453499-5B41-4678-9F6E-6727A7C7880A}
		{B7785265-468A-4117-A024-22C08E45F5E0} = {B7785265-468A-4117-A024-22C08E45F5E0}
		{C5399AB6-DAB5-411C-827A-5CF51CC765D3} = {C5399AB6-DAB5-411C-827A-5CF51CC765D3}
	EndProjectSection
EndProject
Global
	GlobalSection(SolutionConfigurationPlatforms) = preSolution
		Debug|Any CPU = Debug|Any CPU
		Release|Any CPU = Release|Any CPU
	EndGlobalSection
	GlobalSection(ProjectConfigurationPlatforms) = postSolution
		{C5399AB6-DAB5-411C-827A-5CF51CC765D3}.Debug|Any CPU.ActiveCfg = Debug|Any CPU
		{C5399AB6-DAB5-411C-827A-5CF51CC765D3}.Debug|Any CPU.Build.0 = Debug|Any CPU
		{C5399AB6-DAB5-411C-827A-5CF51CC765D3}.Release|Any CPU.ActiveCfg = Release|Any CPU
		{C5399AB6-DAB5-411C-827A-5CF51CC765D3}.Release|Any CPU.Build.0 = Release|Any CPU
		{B7785265-468A-4117-A024-22C08E45F5E0}.Debug|Any CPU.ActiveCfg = Debug|Any CPU
		{B7785265-468A-4117-A024-22C08E45F5E0}.Debug|Any CPU.Build.0 = Debug|Any CPU
		{B7785265-468A-4117-A024-22C08E45F5E0}.Release|Any CPU.ActiveCfg = Release|Any CPU
		{B7785265-468A-4117-A024-22C08E45F5E0}.Release|Any CPU.Build.0 = Release|Any CPU
		{86453499-5B41-4678-9F6E-6727A7C7880A}.Debug|Any CPU.ActiveCfg = Debug|Any CPU
		{86453499-5B41-4678-9F6E-6727A7C7880A}.Debug|Any CPU.Build.0 = Debug|Any CPU
		{86453499-5B41-4678-9F6E-6727A7C7880A}.Release|Any CPU.ActiveCfg = Release|Any CPU
		{86453499-5B41-4678-9F6E-6727A7C7880A}.Release|Any CPU.Build.0 = Release|Any CPU
		{1E2923F7-D1E4-413A-8EE5-2215FD29B185}.Debug|Any CPU.ActiveCfg = Debug|Any CPU
		{1E2923F7-D1E4-413A-8EE5-2215FD29B185}.Debug|Any CPU.Build.0 = Debug|Any CPU
		{1E2923F7-D1E4-413A-8EE5-2215FD29B185}.Release|Any CPU.ActiveCfg = Release|Any CPU
		{1E2923F7-D1E4-413A-8EE5-2215FD29B185}.Release|Any CPU.Build.0 = Release|Any CPU
		{62D42923-BD31-4913-9E8E-4F83E8A56122}.Debug|Any CPU.ActiveCfg = Debug|Any CPU
		{62D42923-BD31-4913-9E8E-4F83E8A56122}.Debug|Any CPU.Build.0 = Debug|Any CPU
		{62D42923-BD31-4913-9E8E-4F83E8A56122}.Release|Any CPU.ActiveCfg = Release|Any CPU
		{62D42923-BD31-4913-9E8E-4F83E8A56122}.Release|Any CPU.Build.0 = Release|Any CPU
		{44EB5735-3083-4FBA-A9CD-7B775CCF6B3C}.Debug|Any CPU.ActiveCfg = Debug|Any CPU
		{44EB5735-3083-4FBA-A9CD-7B775CCF6B3C}.Debug|Any CPU.Build.0 = Debug|Any CPU
		{44EB5735-3083-4FBA-A9CD-7B775CCF6B3C}.Release|Any CPU.ActiveCfg = Release|Any CPU
		{44EB5735-3083-4FBA-A9CD-7B775CCF6B3C}.Release|Any CPU.Build.0 = Release|Any CPU
	EndGlobalSection
	GlobalSection(SolutionProperties) = preSolution
		HideSolutionNode = FALSE
	EndGlobalSection
	GlobalSection(ExtensibilityGlobals) = postSolution
		SolutionGuid = {83F10E39-1382-45E5-AA23-EF79D5789349}
	EndGlobalSection
EndGlobal
